
Microsoft Visual Studio Solution File, Format Version 12.00
# Visual Studio Version 17
VisualStudioVersion = 17.4.33213.308
MinimumVisualStudioVersion = 10.0.40219.1
Project("{FAE04EC0-301F-11D3-BF4B-00C04F79EFBC}") = "EFCoreRelationShipsDemo", "EFCoreRelationShipsDemo\EFCoreRelationShipsDemo.csproj", "{E24CE741-4FD5-4E67-9926-BEFD0C75B1AD}"
EndProject
Global
	GlobalSection(SolutionConfigurationPlatforms) = preSolution
		Debug|Any CPU = Debug|Any CPU
		Release|Any CPU = Release|Any CPU
	EndGlobalSection
	GlobalSection(ProjectConfigurationPlatforms) = postSolution
		{E24CE741-4FD5-4E67-9926-BEFD0C75B1AD}.Debug|Any CPU.ActiveCfg = Debug|Any CPU
		{E24CE741-4FD5-4E67-9926-BEFD0C75B1AD}.Debug|Any CPU.Build.0 = Debug|Any CPU
		{E24CE741-4FD5-4E67-9926-BEFD0C75B1AD}.Release|Any CPU.ActiveCfg = Release|Any CPU
		{E24CE741-4FD5-4E67-9926-BEFD0C75B1AD}.Release|Any CPU.Build.0 = Release|Any CPU
	EndGlobalSection
	GlobalSection(SolutionProperties) = preSolution
		HideSolutionNode = FALSE
	EndGlobalSection
	GlobalSection(ExtensibilityGlobals) = postSolution
		SolutionGuid = {3591B51F-F7F3-4FEC-971D-85B19FC6B9E0}
	EndGlobalSection
EndGlobal
